PODS:
  - audio_player (0.0.1):
    - Flutter
  - Flutter (1.0.0)

DEPENDENCIES:
  - audio_player (from `.symlinks/plugins/audio_player/ios`)
  - Flutter (from `Flutter`)

EXTERNAL SOURCES:
  audio_player:
    :path: ".symlinks/plugins/audio_player/ios"
  Flutter:
    :path: Flutter

SPEC CHECKSUMS:
  audio_player: 68eeca8b0ef240f1e2a7514111fff2930257a95e
  Flutter: 50d75fe2f02b26cc09d224853bb45737f8b3214a

PODFILE CHECKSUM: aafe91acc616949ddb318b77800a7f51bffa2a4c

COCOAPODS: 1.11.2
